
Microsoft Visual Studio Solution File, Format Version 12.00
# Visual Studio Version 17
VisualStudioVersion = 17.10.35122.118
MinimumVisualStudioVersion = 10.0.40219.1
Project("{FAE04EC0-301F-11D3-BF4B-00C04F79EFBC}") = "Test", "Test\Test.csproj", "{2571D1BF-F6CC-4814-BA42-2EA8640ACBFA}"
EndProject
Global
	GlobalSection(SolutionConfigurationPlatforms) = preSolution
		Debug|Any CPU = Debug|Any CPU
		Release|Any CPU = Release|Any CPU
	EndGlobalSection
	GlobalSection(ProjectConfigurationPlatforms) = postSolution
		{2571D1BF-F6CC-4814-BA42-2EA8640ACBFA}.Debug|Any CPU.ActiveCfg = Debug|Any CPU
		{2571D1BF-F6CC-4814-BA42-2EA8640ACBFA}.Debug|Any CPU.Build.0 = Debug|Any CPU
		{2571D1BF-F6CC-4814-BA42-2EA8640ACBFA}.Release|Any CPU.ActiveCfg = Release|Any CPU
		{2571D1BF-F6CC-4814-BA42-2EA8640ACBFA}.Release|Any CPU.Build.0 = Release|Any CPU
	EndGlobalSection
	GlobalSection(SolutionProperties) = preSolution
		HideSolutionNode = FALSE
	EndGlobalSection
	GlobalSection(ExtensibilityGlobals) = postSolution
		SolutionGuid = {58083E72-051A-4E0C-966A-0F79DA6B41AF}
	EndGlobalSection
EndGlobal
