
Microsoft Visual Studio Solution File, Format Version 12.00
# Visual Studio Version 17
VisualStudioVersion = 17.3.32929.385
MinimumVisualStudioVersion = 10.0.40219.1
Project("{8BC9CEB8-8B4A-11D0-8D11-00A0C91BC942}") = "section_46", "section_46\section_46.vcxproj", "{B4C1EC62-EDDB-4C85-8C54-33FB9FCE7905}"
EndProject
Global
	GlobalSection(SolutionConfigurationPlatforms) = preSolution
		Debug|x64 = Debug|x64
		Debug|x86 = Debug|x86
		Release|x64 = Release|x64
		Release|x86 = Release|x86
	EndGlobalSection
	GlobalSection(ProjectConfigurationPlatforms) = postSolution
		{B4C1EC62-EDDB-4C85-8C54-33FB9FCE7905}.Debug|x64.ActiveCfg = Debug|x64
		{B4C1EC62-EDDB-4C85-8C54-33FB9FCE7905}.Debug|x64.Build.0 = Debug|x64
		{B4C1EC62-EDDB-4C85-8C54-33FB9FCE7905}.Debug|x86.ActiveCfg = Debug|Win32
		{B4C1EC62-EDDB-4C85-8C54-33FB9FCE7905}.Debug|x86.Build.0 = Debug|Win32
		{B4C1EC62-EDDB-4C85-8C54-33FB9FCE7905}.Release|x64.ActiveCfg = Release|x64
		{B4C1EC62-EDDB-4C85-8C54-33FB9FCE7905}.Release|x64.Build.0 = Release|x64
		{B4C1EC62-EDDB-4C85-8C54-33FB9FCE7905}.Release|x86.ActiveCfg = Release|Win32
		{B4C1EC62-EDDB-4C85-8C54-33FB9FCE7905}.Release|x86.Build.0 = Release|Win32
	EndGlobalSection
	GlobalSection(SolutionProperties) = preSolution
		HideSolutionNode = FALSE
	EndGlobalSection
	GlobalSection(ExtensibilityGlobals) = postSolution
		SolutionGuid = {EACF5666-E6AA-4BDB-9830-61225B7C618B}
	EndGlobalSection
EndGlobal
