
Microsoft Visual Studio Solution File, Format Version 12.00
# Visual Studio Version 17
VisualStudioVersion = 17.3.32929.385
MinimumVisualStudioVersion = 10.0.40219.1
Project("{8BC9CEB8-8B4A-11D0-8D11-00A0C91BC942}") = "section_33", "section_33\section_33.vcxproj", "{29210F24-C540-427E-9AE1-DC75680DF341}"
EndProject
Global
	GlobalSection(SolutionConfigurationPlatforms) = preSolution
		Debug|x64 = Debug|x64
		Debug|x86 = Debug|x86
		Release|x64 = Release|x64
		Release|x86 = Release|x86
	EndGlobalSection
	GlobalSection(ProjectConfigurationPlatforms) = postSolution
		{29210F24-C540-427E-9AE1-DC75680DF341}.Debug|x64.ActiveCfg = Debug|x64
		{29210F24-C540-427E-9AE1-DC75680DF341}.Debug|x64.Build.0 = Debug|x64
		{29210F24-C540-427E-9AE1-DC75680DF341}.Debug|x86.ActiveCfg = Debug|Win32
		{29210F24-C540-427E-9AE1-DC75680DF341}.Debug|x86.Build.0 = Debug|Win32
		{29210F24-C540-427E-9AE1-DC75680DF341}.Release|x64.ActiveCfg = Release|x64
		{29210F24-C540-427E-9AE1-DC75680DF341}.Release|x64.Build.0 = Release|x64
		{29210F24-C540-427E-9AE1-DC75680DF341}.Release|x86.ActiveCfg = Release|Win32
		{29210F24-C540-427E-9AE1-DC75680DF341}.Release|x86.Build.0 = Release|Win32
	EndGlobalSection
	GlobalSection(SolutionProperties) = preSolution
		HideSolutionNode = FALSE
	EndGlobalSection
	GlobalSection(ExtensibilityGlobals) = postSolution
		SolutionGuid = {F310A3DB-0514-45A4-AEAC-D2A8897B1BDD}
	EndGlobalSection
EndGlobal
